
Microsoft Visual Studio Solution File, Format Version 12.00
# Visual Studio Version 17
VisualStudioVersion = 17.6.33815.320
MinimumVisualStudioVersion = 10.0.40219.1
Project("{FAE04EC0-301F-11D3-BF4B-00C04F79EFBC}") = "ConsoleApp2", "ConsoleApp2\ConsoleApp2.csproj", "{62CD0ECD-BFAC-44F4-A188-475C6DCB9675}"
EndProject
Global
	GlobalSection(SolutionConfigurationPlatforms) = preSolution
		Debug|Any CPU = Debug|Any CPU
		Release|Any CPU = Release|Any CPU
	EndGlobalSection
	GlobalSection(ProjectConfigurationPlatforms) = postSolution
		{62CD0ECD-BFAC-44F4-A188-475C6DCB9675}.Debug|Any CPU.ActiveCfg = Debug|Any CPU
		{62CD0ECD-BFAC-44F4-A188-475C6DCB9675}.Debug|Any CPU.Build.0 = Debug|Any CPU
		{62CD0ECD-BFAC-44F4-A188-475C6DCB9675}.Release|Any CPU.ActiveCfg = Release|Any CPU
		{62CD0ECD-BFAC-44F4-A188-475C6DCB9675}.Release|Any CPU.Build.0 = Release|Any CPU
	EndGlobalSection
	GlobalSection(SolutionProperties) = preSolution
		HideSolutionNode = FALSE
	EndGlobalSection
	GlobalSection(ExtensibilityGlobals) = postSolution
		SolutionGuid = {C54E23F0-A49C-48C4-A33D-DA1E46CD28DD}
	EndGlobalSection
EndGlobal
